{
  "version": 4,
  "terraform_version": "1.5.7",
  "serial": 21,
  "lineage": "e6ec9a5c-0508-4382-42c6-2201f8f029a1",
  "outputs": {},
  "resources": [
    {
      "mode": "managed",
      "type": "hcloud_load_balancer",
      "name": "load_balancer",
      "provider": "provider[\"registry.terraform.io/hetznercloud/hcloud\"]",
      "instances": [
        {
          "schema_version": 0,
          "attributes": {
            "algorithm": [
              {
                "type": "round_robin"
              }
            ],
            "delete_protection": false,
            "id": "1640511",
            "ipv4": "65.109.223.51",
            "ipv6": "2a01:4f9:c01d:57b::1",
            "labels": {},
            "load_balancer_type": "lb11",
            "location": "hel1",
            "name": "load_balancer",
            "network_id": null,
            "network_ip": null,
            "network_zone": "eu-central",
            "target": []
          },
          "sensitive_attributes": [],
          "private": "bnVsbA=="
        }
      ]
    },
    {
      "mode": "managed",
      "type": "hcloud_load_balancer_target",
      "name": "load_balancer_target_1",
      "provider": "provider[\"registry.terraform.io/hetznercloud/hcloud\"]",
      "instances": []
    },
    {
      "mode": "managed",
      "type": "hcloud_load_balancer_target",
      "name": "load_balancer_target_2",
      "provider": "provider[\"registry.terraform.io/hetznercloud/hcloud\"]",
      "instances": [
        {
          "schema_version": 0,
          "attributes": {
            "id": "lb-srv-tgt-41958152-1640511",
            "ip": null,
            "label_selector": null,
            "load_balancer_id": 1640511,
            "server_id": 41958152,
            "type": "server",
            "use_private_ip": false
          },
          "sensitive_attributes": [],
          "private": "bnVsbA==",
          "dependencies": [
            "hcloud_load_balancer.load_balancer",
            "hcloud_network.network",
            "module.api_server_2.hcloud_firewall.api_firewall",
            "module.api_server_2.hcloud_server.api_server"
          ]
        }
      ]
    },
    {
      "mode": "managed",
      "type": "hcloud_network",
      "name": "network",
      "provider": "provider[\"registry.terraform.io/hetznercloud/hcloud\"]",
      "instances": [
        {
          "schema_version": 0,
          "attributes": {
            "delete_protection": false,
            "expose_routes_to_vswitch": false,
            "id": "3771338",
            "ip_range": "10.0.0.0/16",
            "labels": null,
            "name": "main_network"
          },
          "sensitive_attributes": [],
          "private": "bnVsbA=="
        }
      ]
    },
    {
      "mode": "managed",
      "type": "hcloud_network_subnet",
      "name": "subnet",
      "provider": "provider[\"registry.terraform.io/hetznercloud/hcloud\"]",
      "instances": [
        {
          "schema_version": 0,
          "attributes": {
            "gateway": "10.0.0.1",
            "id": "3771338-10.0.1.0/24",
            "ip_range": "10.0.1.0/24",
            "network_id": 3771338,
            "network_zone": "eu-central",
            "type": "cloud",
            "vswitch_id": null
          },
          "sensitive_attributes": [],
          "private": "bnVsbA==",
          "dependencies": [
            "hcloud_network.network"
          ]
        }
      ]
    },
    {
      "module": "module.api_server_1",
      "mode": "managed",
      "type": "hcloud_firewall",
      "name": "api_firewall",
      "provider": "provider[\"registry.terraform.io/hetznercloud/hcloud\"]",
      "instances": [
        {
          "schema_version": 0,
          "attributes": {
            "apply_to": [],
            "id": "1202989",
            "labels": {},
            "name": "api1_firewall",
            "rule": [
              {
                "description": "",
                "destination_ips": [
                  "0.0.0.0/0",
                  "::/0"
                ],
                "direction": "out",
                "port": "443",
                "protocol": "tcp",
                "source_ips": []
              },
              {
                "description": "",
                "destination_ips": [
                  "0.0.0.0/0",
                  "::/0"
                ],
                "direction": "out",
                "port": "443",
                "protocol": "udp",
                "source_ips": []
              },
              {
                "description": "",
                "destination_ips": [
                  "0.0.0.0/0",
                  "::/0"
                ],
                "direction": "out",
                "port": "53",
                "protocol": "tcp",
                "source_ips": []
              },
              {
                "description": "",
                "destination_ips": [
                  "0.0.0.0/0",
                  "::/0"
                ],
                "direction": "out",
                "port": "53",
                "protocol": "udp",
                "source_ips": []
              },
              {
                "description": "",
                "destination_ips": [
                  "0.0.0.0/0",
                  "::/0"
                ],
                "direction": "out",
                "port": "80",
                "protocol": "tcp",
                "source_ips": []
              },
              {
                "description": "",
                "destination_ips": [
                  "0.0.0.0/0",
                  "::/0"
                ],
                "direction": "out",
                "port": "80",
                "protocol": "udp",
                "source_ips": []
              },
              {
                "description": "",
                "destination_ips": [],
                "direction": "in",
                "port": "22",
                "protocol": "tcp",
                "source_ips": [
                  "0.0.0.0/0",
                  "::/0"
                ]
              }
            ]
          },
          "sensitive_attributes": [],
          "private": "bnVsbA=="
        }
      ]
    },
    {
      "module": "module.api_server_2",
      "mode": "managed",
      "type": "hcloud_firewall",
      "name": "api_firewall",
      "provider": "provider[\"registry.terraform.io/hetznercloud/hcloud\"]",
      "instances": [
        {
          "schema_version": 0,
          "attributes": {
            "apply_to": [],
            "id": "1202990",
            "labels": {},
            "name": "api2_firewall",
            "rule": [
              {
                "description": "",
                "destination_ips": [
                  "0.0.0.0/0",
                  "::/0"
                ],
                "direction": "out",
                "port": "443",
                "protocol": "tcp",
                "source_ips": []
              },
              {
                "description": "",
                "destination_ips": [
                  "0.0.0.0/0",
                  "::/0"
                ],
                "direction": "out",
                "port": "443",
                "protocol": "udp",
                "source_ips": []
              },
              {
                "description": "",
                "destination_ips": [
                  "0.0.0.0/0",
                  "::/0"
                ],
                "direction": "out",
                "port": "53",
                "protocol": "tcp",
                "source_ips": []
              },
              {
                "description": "",
                "destination_ips": [
                  "0.0.0.0/0",
                  "::/0"
                ],
                "direction": "out",
                "port": "53",
                "protocol": "udp",
                "source_ips": []
              },
              {
                "description": "",
                "destination_ips": [
                  "0.0.0.0/0",
                  "::/0"
                ],
                "direction": "out",
                "port": "80",
                "protocol": "tcp",
                "source_ips": []
              },
              {
                "description": "",
                "destination_ips": [
                  "0.0.0.0/0",
                  "::/0"
                ],
                "direction": "out",
                "port": "80",
                "protocol": "udp",
                "source_ips": []
              },
              {
                "description": "",
                "destination_ips": [],
                "direction": "in",
                "port": "22",
                "protocol": "tcp",
                "source_ips": [
                  "0.0.0.0/0",
                  "::/0"
                ]
              }
            ]
          },
          "sensitive_attributes": [],
          "private": "bnVsbA=="
        }
      ]
    },
    {
      "module": "module.api_server_2",
      "mode": "managed",
      "type": "hcloud_server",
      "name": "api_server",
      "provider": "provider[\"registry.terraform.io/hetznercloud/hcloud\"]",
      "instances": [
        {
          "schema_version": 0,
          "attributes": {
            "allow_deprecated_images": false,
            "backup_window": "",
            "backups": false,
            "datacenter": "hel1-dc2",
            "delete_protection": false,
            "firewall_ids": [
              1202990
            ],
            "id": "41958152",
            "ignore_remote_firewall_ids": false,
            "image": "ubuntu-22.04",
            "ipv4_address": "95.217.211.175",
            "ipv6_address": "2a01:4f9:c012:4adb::1",
            "ipv6_network": "2a01:4f9:c012:4adb::/64",
            "iso": null,
            "keep_disk": false,
            "labels": {
              "purpose": "api"
            },
            "location": "hel1",
            "name": "api2",
            "network": [
              {
                "alias_ips": [],
                "ip": "10.0.1.5",
                "mac_address": "86:00:00:72:34:d4",
                "network_id": 3771338
              }
            ],
            "placement_group_id": null,
            "public_net": [],
            "rebuild_protection": false,
            "rescue": null,
            "server_type": "cx21",
            "ssh_keys": null,
            "status": "running",
            "timeouts": null,
            "user_data": null
          },
          "sensitive_attributes": [],
          "private": "eyJlMmJmYjczMC1lY2FhLTExZTYtOGY4OC0zNDM2M2JjN2M0YzAiOnsiY3JlYXRlIjo1NDAwMDAwMDAwMDAwfX0=",
          "dependencies": [
            "hcloud_network.network",
            "module.api_server_2.hcloud_firewall.api_firewall"
          ]
        }
      ]
    },
    {
      "module": "module.worker_server_1",
      "mode": "managed",
      "type": "hcloud_firewall",
      "name": "worker_firewall",
      "provider": "provider[\"registry.terraform.io/hetznercloud/hcloud\"]",
      "instances": [
        {
          "schema_version": 0,
          "attributes": {
            "apply_to": [],
            "id": "1202987",
            "labels": {},
            "name": "worker1_server",
            "rule": [
              {
                "description": "",
                "destination_ips": [
                  "0.0.0.0/0",
                  "::/0"
                ],
                "direction": "out",
                "port": "443",
                "protocol": "tcp",
                "source_ips": []
              },
              {
                "description": "",
                "destination_ips": [
                  "0.0.0.0/0",
                  "::/0"
                ],
                "direction": "out",
                "port": "443",
                "protocol": "udp",
                "source_ips": []
              },
              {
                "description": "",
                "destination_ips": [
                  "0.0.0.0/0",
                  "::/0"
                ],
                "direction": "out",
                "port": "53",
                "protocol": "tcp",
                "source_ips": []
              },
              {
                "description": "",
                "destination_ips": [
                  "0.0.0.0/0",
                  "::/0"
                ],
                "direction": "out",
                "port": "53",
                "protocol": "udp",
                "source_ips": []
              },
              {
                "description": "",
                "destination_ips": [
                  "0.0.0.0/0",
                  "::/0"
                ],
                "direction": "out",
                "port": "80",
                "protocol": "tcp",
                "source_ips": []
              },
              {
                "description": "",
                "destination_ips": [
                  "0.0.0.0/0",
                  "::/0"
                ],
                "direction": "out",
                "port": "80",
                "protocol": "udp",
                "source_ips": []
              },
              {
                "description": "",
                "destination_ips": [],
                "direction": "in",
                "port": "22",
                "protocol": "tcp",
                "source_ips": [
                  "0.0.0.0/0",
                  "::/0"
                ]
              }
            ]
          },
          "sensitive_attributes": [],
          "private": "bnVsbA=="
        }
      ]
    },
    {
      "module": "module.worker_server_1",
      "mode": "managed",
      "type": "hcloud_server",
      "name": "worker_server",
      "provider": "provider[\"registry.terraform.io/hetznercloud/hcloud\"]",
      "instances": [
        {
          "schema_version": 0,
          "attributes": {
            "allow_deprecated_images": false,
            "backup_window": "",
            "backups": false,
            "datacenter": "hel1-dc2",
            "delete_protection": false,
            "firewall_ids": [
              1202987
            ],
            "id": "41958151",
            "ignore_remote_firewall_ids": false,
            "image": "ubuntu-22.04",
            "ipv4_address": "",
            "ipv6_address": "",
            "ipv6_network": "\u003cnil\u003e",
            "iso": null,
            "keep_disk": false,
            "labels": {
              "purpose": "worker"
            },
            "location": "hel1",
            "name": "worker1",
            "network": [
              {
                "alias_ips": [],
                "ip": "10.0.1.3",
                "mac_address": "86:00:00:72:34:d1",
                "network_id": 3771338
              }
            ],
            "placement_group_id": null,
            "public_net": [
              {
                "ipv4": 0,
                "ipv4_enabled": false,
                "ipv6": 0,
                "ipv6_enabled": false
              }
            ],
            "rebuild_protection": false,
            "rescue": null,
            "server_type": "cx21",
            "ssh_keys": null,
            "status": "running",
            "timeouts": null,
            "user_data": null
          },
          "sensitive_attributes": [],
          "private": "eyJlMmJmYjczMC1lY2FhLTExZTYtOGY4OC0zNDM2M2JjN2M0YzAiOnsiY3JlYXRlIjo1NDAwMDAwMDAwMDAwfX0=",
          "dependencies": [
            "hcloud_network.network",
            "module.worker_server_1.hcloud_firewall.worker_firewall"
          ]
        }
      ]
    },
    {
      "module": "module.worker_server_1",
      "mode": "managed",
      "type": "hcloud_volume",
      "name": "worker_volume",
      "provider": "provider[\"registry.terraform.io/hetznercloud/hcloud\"]",
      "instances": [
        {
          "schema_version": 0,
          "attributes": {
            "automount": true,
            "delete_protection": false,
            "format": "ext4",
            "id": "100273708",
            "labels": {
              "purpose": "worker"
            },
            "linux_device": "/dev/disk/by-id/scsi-0HC_Volume_100273708",
            "location": "hel1",
            "name": "worker1_volume",
            "server_id": 41958151,
            "size": 40
          },
          "sensitive_attributes": [],
          "private": "bnVsbA==",
          "dependencies": [
            "hcloud_network.network",
            "module.worker_server_1.hcloud_firewall.worker_firewall",
            "module.worker_server_1.hcloud_server.worker_server"
          ]
        }
      ]
    },
    {
      "module": "module.worker_server_2",
      "mode": "managed",
      "type": "hcloud_firewall",
      "name": "worker_firewall",
      "provider": "provider[\"registry.terraform.io/hetznercloud/hcloud\"]",
      "instances": [
        {
          "schema_version": 0,
          "attributes": {
            "apply_to": [],
            "id": "1202988",
            "labels": {},
            "name": "worker2_server",
            "rule": [
              {
                "description": "",
                "destination_ips": [
                  "0.0.0.0/0",
                  "::/0"
                ],
                "direction": "out",
                "port": "443",
                "protocol": "tcp",
                "source_ips": []
              },
              {
                "description": "",
                "destination_ips": [
                  "0.0.0.0/0",
                  "::/0"
                ],
                "direction": "out",
                "port": "443",
                "protocol": "udp",
                "source_ips": []
              },
              {
                "description": "",
                "destination_ips": [
                  "0.0.0.0/0",
                  "::/0"
                ],
                "direction": "out",
                "port": "53",
                "protocol": "tcp",
                "source_ips": []
              },
              {
                "description": "",
                "destination_ips": [
                  "0.0.0.0/0",
                  "::/0"
                ],
                "direction": "out",
                "port": "53",
                "protocol": "udp",
                "source_ips": []
              },
              {
                "description": "",
                "destination_ips": [
                  "0.0.0.0/0",
                  "::/0"
                ],
                "direction": "out",
                "port": "80",
                "protocol": "tcp",
                "source_ips": []
              },
              {
                "description": "",
                "destination_ips": [
                  "0.0.0.0/0",
                  "::/0"
                ],
                "direction": "out",
                "port": "80",
                "protocol": "udp",
                "source_ips": []
              },
              {
                "description": "",
                "destination_ips": [],
                "direction": "in",
                "port": "22",
                "protocol": "tcp",
                "source_ips": [
                  "0.0.0.0/0",
                  "::/0"
                ]
              }
            ]
          },
          "sensitive_attributes": [],
          "private": "bnVsbA=="
        }
      ]
    },
    {
      "module": "module.worker_server_2",
      "mode": "managed",
      "type": "hcloud_server",
      "name": "worker_server",
      "provider": "provider[\"registry.terraform.io/hetznercloud/hcloud\"]",
      "instances": [
        {
          "schema_version": 0,
          "attributes": {
            "allow_deprecated_images": false,
            "backup_window": "",
            "backups": false,
            "datacenter": "hel1-dc2",
            "delete_protection": false,
            "firewall_ids": [
              1202988
            ],
            "id": "41958154",
            "ignore_remote_firewall_ids": false,
            "image": "ubuntu-22.04",
            "ipv4_address": "",
            "ipv6_address": "",
            "ipv6_network": "\u003cnil\u003e",
            "iso": null,
            "keep_disk": false,
            "labels": {
              "purpose": "worker"
            },
            "location": "hel1",
            "name": "worker2",
            "network": [
              {
                "alias_ips": [],
                "ip": "10.0.1.4",
                "mac_address": "86:00:00:72:34:d2",
                "network_id": 3771338
              }
            ],
            "placement_group_id": null,
            "public_net": [
              {
                "ipv4": 0,
                "ipv4_enabled": false,
                "ipv6": 0,
                "ipv6_enabled": false
              }
            ],
            "rebuild_protection": false,
            "rescue": null,
            "server_type": "cx21",
            "ssh_keys": null,
            "status": "running",
            "timeouts": null,
            "user_data": null
          },
          "sensitive_attributes": [],
          "private": "eyJlMmJmYjczMC1lY2FhLTExZTYtOGY4OC0zNDM2M2JjN2M0YzAiOnsiY3JlYXRlIjo1NDAwMDAwMDAwMDAwfX0=",
          "dependencies": [
            "hcloud_network.network",
            "module.worker_server_2.hcloud_firewall.worker_firewall"
          ]
        }
      ]
    },
    {
      "module": "module.worker_server_2",
      "mode": "managed",
      "type": "hcloud_volume",
      "name": "worker_volume",
      "provider": "provider[\"registry.terraform.io/hetznercloud/hcloud\"]",
      "instances": [
        {
          "schema_version": 0,
          "attributes": {
            "automount": true,
            "delete_protection": false,
            "format": "ext4",
            "id": "100273711",
            "labels": {
              "purpose": "worker"
            },
            "linux_device": "/dev/disk/by-id/scsi-0HC_Volume_100273711",
            "location": "hel1",
            "name": "worker2_volume",
            "server_id": 41958154,
            "size": 40
          },
          "sensitive_attributes": [],
          "private": "bnVsbA==",
          "dependencies": [
            "hcloud_network.network",
            "module.worker_server_2.hcloud_firewall.worker_firewall",
            "module.worker_server_2.hcloud_server.worker_server"
          ]
        }
      ]
    },
    {
      "module": "module.worker_server_3",
      "mode": "managed",
      "type": "hcloud_firewall",
      "name": "worker_firewall",
      "provider": "provider[\"registry.terraform.io/hetznercloud/hcloud\"]",
      "instances": [
        {
          "schema_version": 0,
          "attributes": {
            "apply_to": [],
            "id": "1202991",
            "labels": {},
            "name": "worker3_server",
            "rule": [
              {
                "description": "",
                "destination_ips": [
                  "0.0.0.0/0",
                  "::/0"
                ],
                "direction": "out",
                "port": "443",
                "protocol": "tcp",
                "source_ips": []
              },
              {
                "description": "",
                "destination_ips": [
                  "0.0.0.0/0",
                  "::/0"
                ],
                "direction": "out",
                "port": "443",
                "protocol": "udp",
                "source_ips": []
              },
              {
                "description": "",
                "destination_ips": [
                  "0.0.0.0/0",
                  "::/0"
                ],
                "direction": "out",
                "port": "53",
                "protocol": "tcp",
                "source_ips": []
              },
              {
                "description": "",
                "destination_ips": [
                  "0.0.0.0/0",
                  "::/0"
                ],
                "direction": "out",
                "port": "53",
                "protocol": "udp",
                "source_ips": []
              },
              {
                "description": "",
                "destination_ips": [
                  "0.0.0.0/0",
                  "::/0"
                ],
                "direction": "out",
                "port": "80",
                "protocol": "tcp",
                "source_ips": []
              },
              {
                "description": "",
                "destination_ips": [
                  "0.0.0.0/0",
                  "::/0"
                ],
                "direction": "out",
                "port": "80",
                "protocol": "udp",
                "source_ips": []
              },
              {
                "description": "",
                "destination_ips": [],
                "direction": "in",
                "port": "22",
                "protocol": "tcp",
                "source_ips": [
                  "0.0.0.0/0",
                  "::/0"
                ]
              }
            ]
          },
          "sensitive_attributes": [],
          "private": "bnVsbA=="
        }
      ]
    },
    {
      "module": "module.worker_server_3",
      "mode": "managed",
      "type": "hcloud_server",
      "name": "worker_server",
      "provider": "provider[\"registry.terraform.io/hetznercloud/hcloud\"]",
      "instances": [
        {
          "schema_version": 0,
          "attributes": {
            "allow_deprecated_images": false,
            "backup_window": "",
            "backups": false,
            "datacenter": "hel1-dc2",
            "delete_protection": false,
            "firewall_ids": [
              1202991
            ],
            "id": "41958153",
            "ignore_remote_firewall_ids": false,
            "image": "ubuntu-22.04",
            "ipv4_address": "",
            "ipv6_address": "",
            "ipv6_network": "\u003cnil\u003e",
            "iso": null,
            "keep_disk": false,
            "labels": {
              "purpose": "worker"
            },
            "location": "hel1",
            "name": "worker3",
            "network": [
              {
                "alias_ips": [],
                "ip": "10.0.1.2",
                "mac_address": "86:00:00:72:34:d0",
                "network_id": 3771338
              }
            ],
            "placement_group_id": null,
            "public_net": [
              {
                "ipv4": 0,
                "ipv4_enabled": false,
                "ipv6": 0,
                "ipv6_enabled": false
              }
            ],
            "rebuild_protection": false,
            "rescue": null,
            "server_type": "cx21",
            "ssh_keys": null,
            "status": "running",
            "timeouts": null,
            "user_data": null
          },
          "sensitive_attributes": [],
          "private": "eyJlMmJmYjczMC1lY2FhLTExZTYtOGY4OC0zNDM2M2JjN2M0YzAiOnsiY3JlYXRlIjo1NDAwMDAwMDAwMDAwfX0=",
          "dependencies": [
            "hcloud_network.network",
            "module.worker_server_3.hcloud_firewall.worker_firewall"
          ]
        }
      ]
    },
    {
      "module": "module.worker_server_3",
      "mode": "managed",
      "type": "hcloud_volume",
      "name": "worker_volume",
      "provider": "provider[\"registry.terraform.io/hetznercloud/hcloud\"]",
      "instances": [
        {
          "schema_version": 0,
          "attributes": {
            "automount": true,
            "delete_protection": false,
            "format": "ext4",
            "id": "100273709",
            "labels": {
              "purpose": "worker"
            },
            "linux_device": "/dev/disk/by-id/scsi-0HC_Volume_100273709",
            "location": "hel1",
            "name": "worker3_volume",
            "server_id": 41958153,
            "size": 40
          },
          "sensitive_attributes": [],
          "private": "bnVsbA==",
          "dependencies": [
            "hcloud_network.network",
            "module.worker_server_3.hcloud_firewall.worker_firewall",
            "module.worker_server_3.hcloud_server.worker_server"
          ]
        }
      ]
    },
    {
      "module": "module.worker_server_4",
      "mode": "managed",
      "type": "hcloud_firewall",
      "name": "worker_firewall",
      "provider": "provider[\"registry.terraform.io/hetznercloud/hcloud\"]",
      "instances": [
        {
          "schema_version": 0,
          "attributes": {
            "apply_to": [],
            "id": "1202986",
            "labels": {},
            "name": "worker4_server",
            "rule": [
              {
                "description": "",
                "destination_ips": [
                  "0.0.0.0/0",
                  "::/0"
                ],
                "direction": "out",
                "port": "443",
                "protocol": "tcp",
                "source_ips": []
              },
              {
                "description": "",
                "destination_ips": [
                  "0.0.0.0/0",
                  "::/0"
                ],
                "direction": "out",
                "port": "443",
                "protocol": "udp",
                "source_ips": []
              },
              {
                "description": "",
                "destination_ips": [
                  "0.0.0.0/0",
                  "::/0"
                ],
                "direction": "out",
                "port": "53",
                "protocol": "tcp",
                "source_ips": []
              },
              {
                "description": "",
                "destination_ips": [
                  "0.0.0.0/0",
                  "::/0"
                ],
                "direction": "out",
                "port": "53",
                "protocol": "udp",
                "source_ips": []
              },
              {
                "description": "",
                "destination_ips": [
                  "0.0.0.0/0",
                  "::/0"
                ],
                "direction": "out",
                "port": "80",
                "protocol": "tcp",
                "source_ips": []
              },
              {
                "description": "",
                "destination_ips": [
                  "0.0.0.0/0",
                  "::/0"
                ],
                "direction": "out",
                "port": "80",
                "protocol": "udp",
                "source_ips": []
              },
              {
                "description": "",
                "destination_ips": [],
                "direction": "in",
                "port": "22",
                "protocol": "tcp",
                "source_ips": [
                  "0.0.0.0/0",
                  "::/0"
                ]
              }
            ]
          },
          "sensitive_attributes": [],
          "private": "bnVsbA=="
        }
      ]
    },
    {
      "module": "module.worker_server_4",
      "mode": "managed",
      "type": "hcloud_server",
      "name": "worker_server",
      "provider": "provider[\"registry.terraform.io/hetznercloud/hcloud\"]",
      "instances": [
        {
          "schema_version": 0,
          "attributes": {
            "allow_deprecated_images": false,
            "backup_window": "",
            "backups": false,
            "datacenter": "hel1-dc2",
            "delete_protection": false,
            "firewall_ids": [
              1202986
            ],
            "id": "41958150",
            "ignore_remote_firewall_ids": false,
            "image": "ubuntu-22.04",
            "ipv4_address": "",
            "ipv6_address": "",
            "ipv6_network": "\u003cnil\u003e",
            "iso": null,
            "keep_disk": false,
            "labels": {
              "purpose": "worker"
            },
            "location": "hel1",
            "name": "worker4",
            "network": [
              {
                "alias_ips": [],
                "ip": "10.0.1.1",
                "mac_address": "86:00:00:72:34:cf",
                "network_id": 3771338
              }
            ],
            "placement_group_id": null,
            "public_net": [
              {
                "ipv4": 0,
                "ipv4_enabled": false,
                "ipv6": 0,
                "ipv6_enabled": false
              }
            ],
            "rebuild_protection": false,
            "rescue": null,
            "server_type": "cx21",
            "ssh_keys": null,
            "status": "running",
            "timeouts": null,
            "user_data": null
          },
          "sensitive_attributes": [],
          "private": "eyJlMmJmYjczMC1lY2FhLTExZTYtOGY4OC0zNDM2M2JjN2M0YzAiOnsiY3JlYXRlIjo1NDAwMDAwMDAwMDAwfX0=",
          "dependencies": [
            "hcloud_network.network",
            "module.worker_server_4.hcloud_firewall.worker_firewall"
          ]
        }
      ]
    },
    {
      "module": "module.worker_server_4",
      "mode": "managed",
      "type": "hcloud_volume",
      "name": "worker_volume",
      "provider": "provider[\"registry.terraform.io/hetznercloud/hcloud\"]",
      "instances": [
        {
          "schema_version": 0,
          "attributes": {
            "automount": true,
            "delete_protection": false,
            "format": "ext4",
            "id": "100273710",
            "labels": {
              "purpose": "worker"
            },
            "linux_device": "/dev/disk/by-id/scsi-0HC_Volume_100273710",
            "location": "hel1",
            "name": "worker4_volume",
            "server_id": 41958150,
            "size": 40
          },
          "sensitive_attributes": [],
          "private": "bnVsbA==",
          "dependencies": [
            "hcloud_network.network",
            "module.worker_server_4.hcloud_firewall.worker_firewall",
            "module.worker_server_4.hcloud_server.worker_server"
          ]
        }
      ]
    }
  ],
  "check_results": null
}
