{
  "version": 4,
  "terraform_version": "1.5.7",
  "serial": 51,
  "lineage": "e6ec9a5c-0508-4382-42c6-2201f8f029a1",
  "outputs": {},
  "resources": [
    {
      "mode": "data",
      "type": "hcloud_ssh_key",
      "name": "ssh_key",
      "provider": "provider[\"registry.terraform.io/hetznercloud/hcloud\"]",
      "instances": [
        {
          "schema_version": 0,
          "attributes": {
            "fingerprint": "36:35:a6:14:5c:d8:63:6f:1e:70:25:e9:c2:51:89:85",
            "id": 18646134,
            "labels": {},
            "name": "astqwerty@Asts-MacBook-Pro.local",
            "public_key": "ssh-rsa AAAAB3NzaC1yc2EAAAADAQABAAABgQDqbmTBkitglu3iB+DbJFJx4KQ2nWPKk6y14lx7BbkafhwCf1FHbVmuBfoh//D8vZ0PUKH+HQjyxCXwF9kKIGhJKSM+dtSfZON7Ltv8vNYvt1LOUluuSE2HfSjvhDE72M/mZDloceJ9Ci+3ss8GJCZ19KK36kLj3qcKfVDh0FZOSduZCsdWP+H2MORE2JYXYplnsoWC8SSxBhZwig8w3gfXtFyYOuJfAJboGcBHBo2A7YO0VgE52b0YCxWHQvcxn4xvlELOoKJP9HiKv4f/vyJWkBc7AfCJmTiJWhmjcXnH6gPFO15d0wGGsxDOtc1Y/JdE+Rt79CRBN9ONlwWfjoQcrs36YtMN9HZJ+XETZaBh+3nOxIoHqsByJJnMb9ZupT4CBp4bwNuECdJbQykPjUslJldVknT2JOFpvTQYNqiJQWfY33ud8Y1zAAlI3s/qeFyeiM5Gwxg4F5gulwW1Lvcv3UemnPgVivl8HmEkKmGpcg+c8XlyKvFiDIPLIHx1E/E=",
            "selector": null,
            "with_selector": null
          },
          "sensitive_attributes": []
        }
      ]
    },
    {
      "mode": "managed",
      "type": "hcloud_network",
      "name": "network",
      "provider": "provider[\"registry.terraform.io/hetznercloud/hcloud\"]",
      "instances": [
        {
          "schema_version": 0,
          "attributes": {
            "delete_protection": false,
            "expose_routes_to_vswitch": false,
            "id": "3771727",
            "ip_range": "10.0.0.0/16",
            "labels": null,
            "name": "main_network"
          },
          "sensitive_attributes": [],
          "private": "bnVsbA=="
        }
      ]
    },
    {
      "mode": "managed",
      "type": "hcloud_network_subnet",
      "name": "subnet",
      "provider": "provider[\"registry.terraform.io/hetznercloud/hcloud\"]",
      "instances": [
        {
          "schema_version": 0,
          "attributes": {
            "gateway": "10.0.0.1",
            "id": "3771727-10.0.1.0/24",
            "ip_range": "10.0.1.0/24",
            "network_id": 3771727,
            "network_zone": "eu-central",
            "type": "cloud",
            "vswitch_id": null
          },
          "sensitive_attributes": [],
          "private": "bnVsbA==",
          "dependencies": [
            "hcloud_network.network"
          ]
        }
      ]
    },
    {
      "module": "module.backend_server",
      "mode": "managed",
      "type": "hcloud_firewall",
      "name": "backend",
      "provider": "provider[\"registry.terraform.io/hetznercloud/hcloud\"]",
      "instances": [
        {
          "schema_version": 0,
          "attributes": {
            "apply_to": [],
            "id": "1203107",
            "labels": {},
            "name": "backend",
            "rule": [
              {
                "description": "Allow HTTP requests to server from frontend server via TCP",
                "destination_ips": [],
                "direction": "in",
                "port": "80",
                "protocol": "tcp",
                "source_ips": [
                  "10.0.1.1/32"
                ]
              },
              {
                "description": "Allow HTTP requests to server from frontend server via UDP",
                "destination_ips": [],
                "direction": "in",
                "port": "80",
                "protocol": "udp",
                "source_ips": [
                  "10.0.1.1/32"
                ]
              },
              {
                "description": "Allow HTTPS requests to server from frontend server via TCP",
                "destination_ips": [],
                "direction": "in",
                "port": "443",
                "protocol": "tcp",
                "source_ips": [
                  "10.0.1.1/32"
                ]
              },
              {
                "description": "Allow HTTPS requests to server from frontend server via UDP",
                "destination_ips": [],
                "direction": "in",
                "port": "443",
                "protocol": "udp",
                "source_ips": [
                  "10.0.1.1/32"
                ]
              },
              {
                "description": "Allow connect to database server",
                "destination_ips": [
                  "10.0.1.3/32"
                ],
                "direction": "out",
                "port": "5432",
                "protocol": "tcp",
                "source_ips": []
              }
            ]
          },
          "sensitive_attributes": [],
          "private": "bnVsbA=="
        }
      ]
    },
    {
      "module": "module.backend_server",
      "mode": "managed",
      "type": "hcloud_server",
      "name": "backend",
      "provider": "provider[\"registry.terraform.io/hetznercloud/hcloud\"]",
      "instances": [
        {
          "schema_version": 0,
          "attributes": {
            "allow_deprecated_images": false,
            "backup_window": "",
            "backups": false,
            "datacenter": "nbg1-dc3",
            "delete_protection": false,
            "firewall_ids": [
              1203106,
              1203107
            ],
            "id": "41963767",
            "ignore_remote_firewall_ids": false,
            "image": "ubuntu-22.04",
            "ipv4_address": "49.13.171.138",
            "ipv6_address": "2a01:4f8:c0c:a9e8::1",
            "ipv6_network": "2a01:4f8:c0c:a9e8::/64",
            "iso": null,
            "keep_disk": false,
            "labels": null,
            "location": "nbg1",
            "name": "backend",
            "network": [
              {
                "alias_ips": [],
                "ip": "10.0.1.2",
                "mac_address": "86:00:00:72:39:71",
                "network_id": 3771727
              }
            ],
            "placement_group_id": null,
            "public_net": [],
            "rebuild_protection": false,
            "rescue": null,
            "server_type": "cx11",
            "ssh_keys": [
              "astqwerty@Asts-MacBook-Pro.local"
            ],
            "status": "running",
            "timeouts": null,
            "user_data": null
          },
          "sensitive_attributes": [],
          "private": "eyJlMmJmYjczMC1lY2FhLTExZTYtOGY4OC0zNDM2M2JjN2M0YzAiOnsiY3JlYXRlIjo1NDAwMDAwMDAwMDAwfX0=",
          "dependencies": [
            "data.hcloud_ssh_key.ssh_key",
            "hcloud_network.network",
            "module.backend_server.hcloud_firewall.backend",
            "module.general_firewall.hcloud_firewall.general"
          ]
        }
      ]
    },
    {
      "module": "module.database_server",
      "mode": "managed",
      "type": "hcloud_firewall",
      "name": "database",
      "provider": "provider[\"registry.terraform.io/hetznercloud/hcloud\"]",
      "instances": [
        {
          "schema_version": 0,
          "attributes": {
            "apply_to": [],
            "id": "1203104",
            "labels": {},
            "name": "database",
            "rule": [
              {
                "description": "Allow requests to server from backend server via TCP",
                "destination_ips": [],
                "direction": "in",
                "port": "5432",
                "protocol": "tcp",
                "source_ips": [
                  "10.0.1.2/32"
                ]
              }
            ]
          },
          "sensitive_attributes": [],
          "private": "bnVsbA=="
        }
      ]
    },
    {
      "module": "module.database_server",
      "mode": "managed",
      "type": "hcloud_server",
      "name": "database",
      "provider": "provider[\"registry.terraform.io/hetznercloud/hcloud\"]",
      "instances": [
        {
          "schema_version": 0,
          "attributes": {
            "allow_deprecated_images": false,
            "backup_window": "",
            "backups": false,
            "datacenter": "nbg1-dc3",
            "delete_protection": false,
            "firewall_ids": [
              1203104,
              1203106
            ],
            "id": "41963766",
            "ignore_remote_firewall_ids": false,
            "image": "ubuntu-22.04",
            "ipv4_address": "128.140.96.75",
            "ipv6_address": "2a01:4f8:c0c:7146::1",
            "ipv6_network": "2a01:4f8:c0c:7146::/64",
            "iso": null,
            "keep_disk": false,
            "labels": null,
            "location": "nbg1",
            "name": "database",
            "network": [
              {
                "alias_ips": [],
                "ip": "10.0.1.3",
                "mac_address": "86:00:00:72:39:70",
                "network_id": 3771727
              }
            ],
            "placement_group_id": null,
            "public_net": [],
            "rebuild_protection": false,
            "rescue": null,
            "server_type": "cx11",
            "ssh_keys": null,
            "status": "running",
            "timeouts": null,
            "user_data": null
          },
          "sensitive_attributes": [],
          "private": "eyJlMmJmYjczMC1lY2FhLTExZTYtOGY4OC0zNDM2M2JjN2M0YzAiOnsiY3JlYXRlIjo1NDAwMDAwMDAwMDAwfX0=",
          "dependencies": [
            "hcloud_network.network",
            "module.database_server.hcloud_firewall.database",
            "module.general_firewall.hcloud_firewall.general"
          ]
        }
      ]
    },
    {
      "module": "module.frontend_server",
      "mode": "managed",
      "type": "hcloud_firewall",
      "name": "frontend",
      "provider": "provider[\"registry.terraform.io/hetznercloud/hcloud\"]",
      "instances": [
        {
          "schema_version": 0,
          "attributes": {
            "apply_to": [],
            "id": "1203105",
            "labels": {},
            "name": "frontend",
            "rule": [
              {
                "description": "Allow HTTP requests to server via TCP",
                "destination_ips": [],
                "direction": "in",
                "port": "80",
                "protocol": "tcp",
                "source_ips": [
                  "0.0.0.0/0",
                  "::/0"
                ]
              },
              {
                "description": "Allow HTTP requests to server via UDP",
                "destination_ips": [],
                "direction": "in",
                "port": "80",
                "protocol": "udp",
                "source_ips": [
                  "0.0.0.0/0",
                  "::/0"
                ]
              },
              {
                "description": "Allow HTTPS requests to server via TCP",
                "destination_ips": [],
                "direction": "in",
                "port": "443",
                "protocol": "tcp",
                "source_ips": [
                  "0.0.0.0/0",
                  "::/0"
                ]
              },
              {
                "description": "Allow HTTPS requests to server via UDP",
                "destination_ips": [],
                "direction": "in",
                "port": "443",
                "protocol": "udp",
                "source_ips": [
                  "0.0.0.0/0",
                  "::/0"
                ]
              }
            ]
          },
          "sensitive_attributes": [],
          "private": "bnVsbA=="
        }
      ]
    },
    {
      "module": "module.frontend_server",
      "mode": "managed",
      "type": "hcloud_server",
      "name": "frontend",
      "provider": "provider[\"registry.terraform.io/hetznercloud/hcloud\"]",
      "instances": [
        {
          "schema_version": 0,
          "attributes": {
            "allow_deprecated_images": false,
            "backup_window": "",
            "backups": false,
            "datacenter": "nbg1-dc3",
            "delete_protection": false,
            "firewall_ids": [
              1203105,
              1203106
            ],
            "id": "41963765",
            "ignore_remote_firewall_ids": false,
            "image": "ubuntu-22.04",
            "ipv4_address": "49.13.157.205",
            "ipv6_address": "2a01:4f8:c2c:d788::1",
            "ipv6_network": "2a01:4f8:c2c:d788::/64",
            "iso": null,
            "keep_disk": false,
            "labels": null,
            "location": "nbg1",
            "name": "frontend",
            "network": [
              {
                "alias_ips": [],
                "ip": "10.0.1.1",
                "mac_address": "86:00:00:72:39:6f",
                "network_id": 3771727
              }
            ],
            "placement_group_id": null,
            "public_net": [],
            "rebuild_protection": false,
            "rescue": null,
            "server_type": "cx11",
            "ssh_keys": [
              "astqwerty@Asts-MacBook-Pro.local"
            ],
            "status": "running",
            "timeouts": null,
            "user_data": null
          },
          "sensitive_attributes": [],
          "private": "eyJlMmJmYjczMC1lY2FhLTExZTYtOGY4OC0zNDM2M2JjN2M0YzAiOnsiY3JlYXRlIjo1NDAwMDAwMDAwMDAwfX0=",
          "dependencies": [
            "data.hcloud_ssh_key.ssh_key",
            "hcloud_network.network",
            "module.frontend_server.hcloud_firewall.frontend",
            "module.general_firewall.hcloud_firewall.general"
          ]
        }
      ]
    },
    {
      "module": "module.general_firewall",
      "mode": "managed",
      "type": "hcloud_firewall",
      "name": "general",
      "provider": "provider[\"registry.terraform.io/hetznercloud/hcloud\"]",
      "instances": [
        {
          "schema_version": 0,
          "attributes": {
            "apply_to": [],
            "id": "1203106",
            "labels": {},
            "name": "general",
            "rule": [
              {
                "description": "Allow DNS requests from server via UDP",
                "destination_ips": [
                  "0.0.0.0/0",
                  "::/0"
                ],
                "direction": "out",
                "port": "53",
                "protocol": "udp",
                "source_ips": []
              },
              {
                "description": "Allow DNS requests via TCP",
                "destination_ips": [
                  "0.0.0.0/0",
                  "::/0"
                ],
                "direction": "out",
                "port": "53",
                "protocol": "tcp",
                "source_ips": []
              },
              {
                "description": "Allow HTTP requests from server via TCP",
                "destination_ips": [
                  "0.0.0.0/0",
                  "::/0"
                ],
                "direction": "out",
                "port": "80",
                "protocol": "tcp",
                "source_ips": []
              },
              {
                "description": "Allow HTTP requests from server via UDP",
                "destination_ips": [
                  "0.0.0.0/0",
                  "::/0"
                ],
                "direction": "out",
                "port": "80",
                "protocol": "udp",
                "source_ips": []
              },
              {
                "description": "Allow HTTPS requests from server via TCP",
                "destination_ips": [
                  "0.0.0.0/0",
                  "::/0"
                ],
                "direction": "out",
                "port": "443",
                "protocol": "tcp",
                "source_ips": []
              },
              {
                "description": "Allow HTTPS requests from server via UDP",
                "destination_ips": [
                  "0.0.0.0/0",
                  "::/0"
                ],
                "direction": "out",
                "port": "443",
                "protocol": "udp",
                "source_ips": []
              },
              {
                "description": "Allow SSH access from everywhere",
                "destination_ips": [],
                "direction": "in",
                "port": "22",
                "protocol": "tcp",
                "source_ips": [
                  "0.0.0.0/0",
                  "::/0"
                ]
              }
            ]
          },
          "sensitive_attributes": [],
          "private": "bnVsbA=="
        }
      ]
    }
  ],
  "check_results": null
}
